// !$*UTF8*$!
{
	archiveVersion = 1;
	classes = {
	};
	objectVersion = 46;
	objects = {

/* Begin PBXBuildFile section */
		F74073791A8EEBCE003F52EE /* AppDelegate.swift in Sources */ = {isa = PBXBuildFile; fileRef = F74073781A8EEBCE003F52EE /* AppDelegate.swift */; };
		F740737B1A8EEBCE003F52EE /* ViewController.swift in Sources */ = {isa = PBXBuildFile; fileRef = F740737A1A8EEBCE003F52EE /* ViewController.swift */; };
		F740737E1A8EEBCE003F52EE /* Main.storyboard in Resources */ = {isa = PBXBuildFile; fileRef = F740737C1A8EEBCE003F52EE /* Main.storyboard */; };
		F74073801A8EEBCE003F52EE /* Images.xcassets in Resources */ = {isa = PBXBuildFile; fileRef = F740737F1A8EEBCE003F52EE /* Images.xcassets */; };
		F74073831A8EEBCE003F52EE /* LaunchScreen.xib in Resources */ = {isa = PBXBuildFile; fileRef = F74073811A8EEBCE003F52EE /* LaunchScreen.xib */; };
		F740738F1A8EEBCF003F52EE /* stanford_calculatorTests.swift in Sources */ = {isa = PBXBuildFile; fileRef = F740738E1A8EEBCF003F52EE /* stanford_calculatorTests.swift */; };
/* End PBXBuildFile section */

/* Begin PBXContainerItemProxy section */
		F74073891A8EEBCF003F52EE /* PBXContainerItemProxy */ = {
			isa = PBXContainerItemProxy;
			containerPortal = F740736B1A8EEBCE003F52EE /* Project object */;
			proxyType = 1;
			remoteGlobalIDString = F74073721A8EEBCE003F52EE;
			remoteInfo = "stanford-calculator";
		};
/* End PBXContainerItemProxy section */

/* Begin PBXFileReference section */
		F74073731A8EEBCE003F52EE /* stanford-calculator.app */ = {isa = PBXFileReference; explicitFileType = wrapper.application; includeInIndex = 0; path = "stanford-calculator.app"; sourceTree = BUILT_PRODUCTS_DIR; };
		F74073771A8EEBCE003F52EE /* Info.plist */ = {isa = PBXFileReference; lastKnownFileType = text.plist.xml; path = Info.plist; sourceTree = "<group>"; };
		F74073781A8EEBCE003F52EE /* AppDelegate.swift */ = {isa = PBXFileReference; lastKnownFileType = sourcecode.swift; path = AppDelegate.swift; sourceTree = "<group>"; };
		F740737A1A8EEBCE003F52EE /* ViewController.swift */ = {isa = PBXFileReference; lastKnownFileType = sourcecode.swift; path = ViewController.swift; sourceTree = "<group>"; };
		F740737D1A8EEBCE003F52EE /* Base */ = {isa = PBXFileReference; lastKnownFileType = file.storyboard; name = Base; path = Base.lproj/Main.storyboard; sourceTree = "<group>"; };
		F740737F1A8EEBCE003F52EE /* Images.xcassets */ = {isa = PBXFileReference; lastKnownFileType = folder.assetcatalog; path = Images.xcassets; sourceTree = "<group>"; };
		F74073821A8EEBCE003F52EE /* Base */ = {isa = PBXFileReference; lastKnownFileType = file.xib; name = Base; path = Base.lproj/LaunchScreen.xib; sourceTree = "<group>"; };
		F74073881A8EEBCF003F52EE /* stanford-calculatorTests.xctest */ = {isa = PBXFileReference; explicitFileType = wrapper.cfbundle; includeInIndex = 0; path = "stanford-calculatorTests.xctest"; sourceTree = BUILT_PRODUCTS_DIR; };
		F740738D1A8EEBCF003F52EE /* Info.plist */ = {isa = PBXFileReference; lastKnownFileType = text.plist.xml; path = Info.plist; sourceTree = "<group>"; };
		F740738E1A8EEBCF003F52EE /* stanford_calculatorTests.swift */ = {isa = PBXFileReference; lastKnownFileType = sourcecode.swift; path = stanford_calculatorTests.swift; sourceTree = "<group>"; };
/* End PBXFileReference section */

/* Begin PBXFrameworksBuildPhase section */
		F74073701A8EEBCE003F52EE /* Frameworks */ = {
			isa = PBXFrameworksBuildPhase;
			buildActionMask = 2147483647;
			files = (
			);
			runOnlyForDeploymentPostprocessing = 0;
		};
		F74073851A8EEBCF003F52EE /* Frameworks */ = {
			isa = PBXFrameworksBuildPhase;
			buildActionMask = 2147483647;
			files = (
			);
			runOnlyForDeploymentPostprocessing = 0;
		};
/* End PBXFrameworksBuildPhase section */

/* Begin PBXGroup section */
		F740736A1A8EEBCE003F52EE = {
			isa = PBXGroup;
			children = (
				F74073751A8EEBCE003F52EE /* stanford-calculator */,
				F740738B1A8EEBCF003F52EE /* stanford-calculatorTests */,
				F74073741A8EEBCE003F52EE /* Products */,
			);
			sourceTree = "<group>";
		};
		F74073741A8EEBCE003F52EE /* Products */ = {
			isa = PBXGroup;
			children = (
				F74073731A8EEBCE003F52EE /* stanford-calculator.app */,
				F74073881A8EEBCF003F52EE /* stanford-calculatorTests.xctest */,
			);
			name = Products;
			sourceTree = "<group>";
		};
		F74073751A8EEBCE003F52EE /* stanford-calculator */ = {
			isa = PBXGroup;
			children = (
				F740737A1A8EEBCE003F52EE /* ViewController.swift */,
				F740737C1A8EEBCE003F52EE /* Main.storyboard */,
				F74073761A8EEBCE003F52EE /* Supporting Files */,
			);
			path = "stanford-calculator";
			sourceTree = "<group>";
		};
		F74073761A8EEBCE003F52EE /* Supporting Files */ = {
			isa = PBXGroup;
			children = (
				F74073811A8EEBCE003F52EE /* LaunchScreen.xib */,
				F74073781A8EEBCE003F52EE /* AppDelegate.swift */,
				F740737F1A8EEBCE003F52EE /* Images.xcassets */,
				F74073771A8EEBCE003F52EE /* Info.plist */,
			);
			name = "Supporting Files";
			sourceTree = "<group>";
		};
		F740738B1A8EEBCF003F52EE /* stanford-calculatorTests */ = {
			isa = PBXGroup;
			children = (
				F740738E1A8EEBCF003F52EE /* stanford_calculatorTests.swift */,
				F740738C1A8EEBCF003F52EE /* Supporting Files */,
			);
			path = "stanford-calculatorTests";
			sourceTree = "<group>";
		};
		F740738C1A8EEBCF003F52EE /* Supporting Files */ = {
			isa = PBXGroup;
			children = (
				F740738D1A8EEBCF003F52EE /* Info.plist */,
			);
			name = "Supporting Files";
			sourceTree = "<group>";
		};
/* End PBXGroup section */

/* Begin PBXNativeTarget section */
		F74073721A8EEBCE003F52EE /* stanford-calculator */ = {
			isa = PBXNativeTarget;
			buildConfigurationList = F74073921A8EEBCF003F52EE /* Build configuration list for PBXNativeTarget "stanford-calculator" */;
			buildPhases = (
				F740736F1A8EEBCE003F52EE /* Sources */,
				F74073701A8EEBCE003F52EE /* Frameworks */,
				F74073711A8EEBCE003F52EE /* Resources */,
			);
			buildRules = (
			);
			dependencies = (
			);
			name = "stanford-calculator";
			productName = "stanford-calculator";
			productReference = F74073731A8EEBCE003F52EE /* stanford-calculator.app */;
			productType = "com.apple.product-type.application";
		};
		F74073871A8EEBCF003F52EE /* stanford-calculatorTests */ = {
			isa = PBXNativeTarget;
			buildConfigurationList = F74073951A8EEBCF003F52EE /* Build configuration list for PBXNativeTarget "stanford-calculatorTests" */;
			buildPhases = (
				F74073841A8EEBCF003F52EE /* Sources */,
				F74073851A8EEBCF003F52EE /* Frameworks */,
				F74073861A8EEBCF003F52EE /* Resources */,
			);
			buildRules = (
			);
			dependencies = (
				F740738A1A8EEBCF003F52EE /* PBXTargetDependency */,
			);
			name = "stanford-calculatorTests";
			productName = "stanford-calculatorTests";
			productReference = F74073881A8EEBCF003F52EE /* stanford-calculatorTests.xctest */;
			productType = "com.apple.product-type.bundle.unit-test";
		};
/* End PBXNativeTarget section */

/* Begin PBXProject section */
		F740736B1A8EEBCE003F52EE /* Project object */ = {
			isa = PBXProject;
			attributes = {
				LastUpgradeCheck = 0610;
				ORGANIZATIONNAME = "Max Beizer";
				TargetAttributes = {
					F74073721A8EEBCE003F52EE = {
						CreatedOnToolsVersion = 6.1.1;
					};
					F74073871A8EEBCF003F52EE = {
						CreatedOnToolsVersion = 6.1.1;
						TestTargetID = F74073721A8EEBCE003F52EE;
					};
				};
			};
			buildConfigurationList = F740736E1A8EEBCE003F52EE /* Build configuration list for PBXProject "stanford-calculator" */;
			compatibilityVersion = "Xcode 3.2";
			developmentRegion = English;
			hasScannedForEncodings = 0;
			knownRegions = (
				en,
				Base,
			);
			mainGroup = F740736A1A8EEBCE003F52EE;
			productRefGroup = F74073741A8EEBCE003F52EE /* Products */;
			projectDirPath = "";
			projectRoot = "";
			targets = (
				F74073721A8EEBCE003F52EE /* stanford-calculator */,
				F74073871A8EEBCF003F52EE /* stanford-calculatorTests */,
			);
		};
/* End PBXProject section */

/* Begin PBXResourcesBuildPhase section */
		F74073711A8EEBCE003F52EE /* Resources */ = {
			isa = PBXResourcesBuildPhase;
			buildActionMask = 2147483647;
			files = (
				F740737E1A8EEBCE003F52EE /* Main.storyboard in Resources */,
				F74073831A8EEBCE003F52EE /* LaunchScreen.xib in Resources */,
				F74073801A8EEBCE003F52EE /* Images.xcassets in Resources */,
			);
			runOnlyForDeploymentPostprocessing = 0;
		};
		F74073861A8EEBCF003F52EE /* Resources */ = {
			isa = PBXResourcesBuildPhase;
			buildActionMask = 2147483647;
			files = (
			);
			runOnlyForDeploymentPostprocessing = 0;
		};
/* End PBXResourcesBuildPhase section */

/* Begin PBXSourcesBuildPhase section */
		F740736F1A8EEBCE003F52EE /* Sources */ = {
			isa = PBXSourcesBuildPhase;
			buildActionMask = 2147483647;
			files = (
				F740737B1A8EEBCE003F52EE /* ViewController.swift in Sources */,
				F74073791A8EEBCE003F52EE /* AppDelegate.swift in Sources */,
			);
			runOnlyForDeploymentPostprocessing = 0;
		};
		F74073841A8EEBCF003F52EE /* Sources */ = {
			isa = PBXSourcesBuildPhase;
			buildActionMask = 2147483647;
			files = (
				F740738F1A8EEBCF003F52EE /* stanford_calculatorTests.swift in Sources */,
			);
			runOnlyForDeploymentPostprocessing = 0;
		};
/* End PBXSourcesBuildPhase section */

/* Begin PBXTargetDependency section */
		F740738A1A8EEBCF003F52EE /* PBXTargetDependency */ = {
			isa = PBXTargetDependency;
			target = F74073721A8EEBCE003F52EE /* stanford-calculator */;
			targetProxy = F74073891A8EEBCF003F52EE /* PBXContainerItemProxy */;
		};
/* End PBXTargetDependency section */

/* Begin PBXVariantGroup section */
		F740737C1A8EEBCE003F52EE /* Main.storyboard */ = {
			isa = PBXVariantGroup;
			children = (
				F740737D1A8EEBCE003F52EE /* Base */,
			);
			name = Main.storyboard;
			sourceTree = "<group>";
		};
		F74073811A8EEBCE003F52EE /* LaunchScreen.xib */ = {
			isa = PBXVariantGroup;
			children = (
				F74073821A8EEBCE003F52EE /* Base */,
			);
			name = LaunchScreen.xib;
			sourceTree = "<group>";
		};
/* End PBXVariantGroup section */

/* Begin XCBuildConfiguration section */
		F74073901A8EEBCF003F52EE /* Debug */ = {
			isa = XCBuildConfiguration;
			buildSettings = {
				ALWAYS_SEARCH_USER_PATHS = NO;
				CLANG_CXX_LANGUAGE_STANDARD = "gnu++0x";
				CLANG_CXX_LIBRARY = "libc++";
				CLANG_ENABLE_MODULES = YES;
				CLANG_ENABLE_OBJC_ARC = YES;
				CLANG_WARN_BOOL_CONVERSION = YES;
				CLANG_WARN_CONSTANT_CONVERSION = YES;
				CLANG_WARN_DIRECT_OBJC_ISA_USAGE = YES_ERROR;
				CLANG_WARN_EMPTY_BODY = YES;
				CLANG_WARN_ENUM_CONVERSION = YES;
				CLANG_WARN_INT_CONVERSION = YES;
				CLANG_WARN_OBJC_ROOT_CLASS = YES_ERROR;
				CLANG_WARN_UNREACHABLE_CODE = YES;
				CLANG_WARN__DUPLICATE_METHOD_MATCH = YES;
				"CODE_SIGN_IDENTITY[sdk=iphoneos*]" = "iPhone Developer";
				COPY_PHASE_STRIP = NO;
				ENABLE_STRICT_OBJC_MSGSEND = YES;
				GCC_C_LANGUAGE_STANDARD = gnu99;
				GCC_DYNAMIC_NO_PIC = NO;
				GCC_OPTIMIZATION_LEVEL = 0;
				GCC_PREPROCESSOR_DEFINITIONS = (
					"DEBUG=1",
					"$(inherited)",
				);
				GCC_SYMBOLS_PRIVATE_EXTERN = NO;
				GCC_WARN_64_TO_32_BIT_CONVERSION = YES;
				GCC_WARN_ABOUT_RETURN_TYPE = YES_ERROR;
				GCC_WARN_UNDECLARED_SELECTOR = YES;
				GCC_WARN_UNINITIALIZED_AUTOS = YES_AGGRESSIVE;
				GCC_WARN_UNUSED_FUNCTION = YES;
				GCC_WARN_UNUSED_VARIABLE = YES;
				IPHONEOS_DEPLOYMENT_TARGET = 8.1;
				MTL_ENABLE_DEBUG_INFO = YES;
				ONLY_ACTIVE_ARCH = YES;
				SDKROOT = iphoneos;
				SWIFT_OPTIMIZATION_LEVEL = "-Onone";
				TARGETED_DEVICE_FAMILY = "1,2";
			};
			name = Debug;
		};
		F74073911A8EEBCF003F52EE /* Release */ = {
			isa = XCBuildConfiguration;
			buildSettings = {
				ALWAYS_SEARCH_USER_PATHS = NO;
				CLANG_CXX_LANGUAGE_STANDARD = "gnu++0x";
				CLANG_CXX_LIBRARY = "libc++";
				CLANG_ENABLE_MODULES = YES;
				CLANG_ENABLE_OBJC_ARC = YES;
				CLANG_WARN_BOOL_CONVERSION = YES;
				CLANG_WARN_CONSTANT_CONVERSION = YES;
				CLANG_WARN_DIRECT_OBJC_ISA_USAGE = YES_ERROR;
				CLANG_WARN_EMPTY_BODY = YES;
				CLANG_WARN_ENUM_CONVERSION = YES;
				CLANG_WARN_INT_CONVERSION = YES;
				CLANG_WARN_OBJC_ROOT_CLASS = YES_ERROR;
				CLANG_WARN_UNREACHABLE_CODE = YES;
				CLANG_WARN__DUPLICATE_METHOD_MATCH = YES;
				"CODE_SIGN_IDENTITY[sdk=iphoneos*]" = "iPhone Developer";
				COPY_PHASE_STRIP = YES;
				ENABLE_NS_ASSERTIONS = NO;
				ENABLE_STRICT_OBJC_MSGSEND = YES;
				GCC_C_LANGUAGE_STANDARD = gnu99;
				GCC_WARN_64_TO_32_BIT_CONVERSION = YES;
				GCC_WARN_ABOUT_RETURN_TYPE = YES_ERROR;
				GCC_WARN_UNDECLARED_SELECTOR = YES;
				GCC_WARN_UNINITIALIZED_AUTOS = YES_AGGRESSIVE;
				GCC_WARN_UNUSED_FUNCTION = YES;
				GCC_WARN_UNUSED_VARIABLE = YES;
				IPHONEOS_DEPLOYMENT_TARGET = 8.1;
				MTL_ENABLE_DEBUG_INFO = NO;
				SDKROOT = iphoneos;
				TARGETED_DEVICE_FAMILY = "1,2";
				VALIDATE_PRODUCT = YES;
			};
			name = Release;
		};
		F74073931A8EEBCF003F52EE /* Debug */ = {
			isa = XCBuildConfiguration;
			buildSettings = {
				ASSETCATALOG_COMPILER_APPICON_NAME = AppIcon;
				INFOPLIST_FILE = "stanford-calculator/Info.plist";
				LD_RUNPATH_SEARCH_PATHS = "$(inherited) @executable_path/Frameworks";
				PRODUCT_NAME = "$(TARGET_NAME)";
			};
			name = Debug;
		};
		F74073941A8EEBCF003F52EE /* Release */ = {
			isa = XCBuildConfiguration;
			buildSettings = {
				ASSETCATALOG_COMPILER_APPICON_NAME = AppIcon;
				INFOPLIST_FILE = "stanford-calculator/Info.plist";
				LD_RUNPATH_SEARCH_PATHS = "$(inherited) @executable_path/Frameworks";
				PRODUCT_NAME = "$(TARGET_NAME)";
			};
			name = Release;
		};
		F74073961A8EEBCF003F52EE /* Debug */ = {
			isa = XCBuildConfiguration;
			buildSettings = {
				BUNDLE_LOADER = "$(TEST_HOST)";
				FRAMEWORK_SEARCH_PATHS = (
					"$(SDKROOT)/Developer/Library/Frameworks",
					"$(inherited)",
				);
				GCC_PREPROCESSOR_DEFINITIONS = (
					"DEBUG=1",
					"$(inherited)",
				);
				INFOPLIST_FILE = "stanford-calculatorTests/Info.plist";
				LD_RUNPATH_SEARCH_PATHS = "$(inherited) @executable_path/Frameworks @loader_path/Frameworks";
				PRODUCT_NAME = "$(TARGET_NAME)";
				TEST_HOST = "$(BUILT_PRODUCTS_DIR)/stanford-calculator.app/stanford-calculator";
			};
			name = Debug;
		};
		F74073971A8EEBCF003F52EE /* Release */ = {
			isa = XCBuildConfiguration;
			buildSettings = {
				BUNDLE_LOADER = "$(TEST_HOST)";
				FRAMEWORK_SEARCH_PATHS = (
					"$(SDKROOT)/Developer/Library/Frameworks",
					"$(inherited)",
				);
				INFOPLIST_FILE = "stanford-calculatorTests/Info.plist";
				LD_RUNPATH_SEARCH_PATHS = "$(inherited) @executable_path/Frameworks @loader_path/Frameworks";
				PRODUCT_NAME = "$(TARGET_NAME)";
				TEST_HOST = "$(BUILT_PRODUCTS_DIR)/stanford-calculator.app/stanford-calculator";
			};
			name = Release;
		};
/* End XCBuildConfiguration section */

/* Begin XCConfigurationList section */
		F740736E1A8EEBCE003F52EE /* Build configuration list for PBXProject "stanford-calculator" */ = {
			isa = XCConfigurationList;
			buildConfigurations = (
				F74073901A8EEBCF003F52EE /* Debug */,
				F74073911A8EEBCF003F52EE /* Release */,
			);
			defaultConfigurationIsVisible = 0;
			defaultConfigurationName = Release;
		};
		F74073921A8EEBCF003F52EE /* Build configuration list for PBXNativeTarget "stanford-calculator" */ = {
			isa = XCConfigurationList;
			buildConfigurations = (
				F74073931A8EEBCF003F52EE /* Debug */,
				F74073941A8EEBCF003F52EE /* Release */,
			);
			defaultConfigurationIsVisible = 0;
		};
		F74073951A8EEBCF003F52EE /* Build configuration list for PBXNativeTarget "stanford-calculatorTests" */ = {
			isa = XCConfigurationList;
			buildConfigurations = (
				F74073961A8EEBCF003F52EE /* Debug */,
				F74073971A8EEBCF003F52EE /* Release */,
			);
			defaultConfigurationIsVisible = 0;
		};
/* End XCConfigurationList section */
	};
	rootObject = F740736B1A8EEBCE003F52EE /* Project object */;
}
